
Microsoft Visual Studio Solution File, Format Version 12.00
# Visual Studio Version 17
VisualStudioVersion = 17.1.32414.318
MinimumVisualStudioVersion = 10.0.40219.1
Project("{FAE04EC0-301F-11D3-BF4B-00C04F79EFBC}") = "exHandling", "exHandling.csproj", "{CAC2302A-3F41-4764-977A-B2FA7D22DD11}"
EndProject
Project("{FAE04EC0-301F-11D3-BF4B-00C04F79EFBC}") = "ExceptionsLibrary", "..\ExceptionsLibrary\ExceptionsLibrary.csproj", "{AD528E15-8789-43DA-8685-41E466CA2B0B}"
EndProject
Global
	GlobalSection(SolutionConfigurationPlatforms) = preSolution
		Debug|Any CPU = Debug|Any CPU
		Release|Any CPU = Release|Any CPU
	EndGlobalSection
	GlobalSection(ProjectConfigurationPlatforms) = postSolution
		{CAC2302A-3F41-4764-977A-B2FA7D22DD11}.Debug|Any CPU.ActiveCfg = Debug|Any CPU
		{CAC2302A-3F41-4764-977A-B2FA7D22DD11}.Debug|Any CPU.Build.0 = Debug|Any CPU
		{CAC2302A-3F41-4764-977A-B2FA7D22DD11}.Release|Any CPU.ActiveCfg = Release|Any CPU
		{CAC2302A-3F41-4764-977A-B2FA7D22DD11}.Release|Any CPU.Build.0 = Release|Any CPU
		{AD528E15-8789-43DA-8685-41E466CA2B0B}.Debug|Any CPU.ActiveCfg = Debug|Any CPU
		{AD528E15-8789-43DA-8685-41E466CA2B0B}.Debug|Any CPU.Build.0 = Debug|Any CPU
		{AD528E15-8789-43DA-8685-41E466CA2B0B}.Release|Any CPU.ActiveCfg = Release|Any CPU
		{AD528E15-8789-43DA-8685-41E466CA2B0B}.Release|Any CPU.Build.0 = Release|Any CPU
	EndGlobalSection
	GlobalSection(SolutionProperties) = preSolution
		HideSolutionNode = FALSE
	EndGlobalSection
	GlobalSection(ExtensibilityGlobals) = postSolution
		SolutionGuid = {ED87CA79-EFE8-4CDA-B0BE-C90EBE424642}
	EndGlobalSection
EndGlobal
