
Microsoft Visual Studio Solution File, Format Version 12.00
# Visual Studio Version 17
VisualStudioVersion = 17.1.32414.318
MinimumVisualStudioVersion = 10.0.40219.1
Project("{9A19103F-16F7-4668-BE54-9A1E7A4F7556}") = "DemoLibrary", "DemoLibrary\DemoLibrary.csproj", "{178CC1C3-FA9C-470C-892F-BE323784AD6B}"
EndProject
Project("{9A19103F-16F7-4668-BE54-9A1E7A4F7556}") = "DemoUI", "DemoUI\DemoUI.csproj", "{3CC29052-03E8-4031-B73C-258B8465F937}"
EndProject
Project("{9A19103F-16F7-4668-BE54-9A1E7A4F7556}") = "WinFormUI", "WinFormUI\WinFormUI.csproj", "{41675D34-5482-4285-9D18-0EFAD7E55D3E}"
EndProject
Project("{FAE04EC0-301F-11D3-BF4B-00C04F79EFBC}") = "SchoolLibrary", "SchoolLibrary\SchoolLibrary.csproj", "{AD4EA830-2FA1-4F51-BEEE-0D088AE29136}"
EndProject
Global
	GlobalSection(SolutionConfigurationPlatforms) = preSolution
		Debug|Any CPU = Debug|Any CPU
		Release|Any CPU = Release|Any CPU
	EndGlobalSection
	GlobalSection(ProjectConfigurationPlatforms) = postSolution
		{178CC1C3-FA9C-470C-892F-BE323784AD6B}.Debug|Any CPU.ActiveCfg = Debug|Any CPU
		{178CC1C3-FA9C-470C-892F-BE323784AD6B}.Debug|Any CPU.Build.0 = Debug|Any CPU
		{178CC1C3-FA9C-470C-892F-BE323784AD6B}.Release|Any CPU.ActiveCfg = Release|Any CPU
		{178CC1C3-FA9C-470C-892F-BE323784AD6B}.Release|Any CPU.Build.0 = Release|Any CPU
		{3CC29052-03E8-4031-B73C-258B8465F937}.Debug|Any CPU.ActiveCfg = Debug|Any CPU
		{3CC29052-03E8-4031-B73C-258B8465F937}.Debug|Any CPU.Build.0 = Debug|Any CPU
		{3CC29052-03E8-4031-B73C-258B8465F937}.Release|Any CPU.ActiveCfg = Release|Any CPU
		{3CC29052-03E8-4031-B73C-258B8465F937}.Release|Any CPU.Build.0 = Release|Any CPU
		{41675D34-5482-4285-9D18-0EFAD7E55D3E}.Debug|Any CPU.ActiveCfg = Debug|Any CPU
		{41675D34-5482-4285-9D18-0EFAD7E55D3E}.Debug|Any CPU.Build.0 = Debug|Any CPU
		{41675D34-5482-4285-9D18-0EFAD7E55D3E}.Release|Any CPU.ActiveCfg = Release|Any CPU
		{41675D34-5482-4285-9D18-0EFAD7E55D3E}.Release|Any CPU.Build.0 = Release|Any CPU
		{AD4EA830-2FA1-4F51-BEEE-0D088AE29136}.Debug|Any CPU.ActiveCfg = Debug|Any CPU
		{AD4EA830-2FA1-4F51-BEEE-0D088AE29136}.Debug|Any CPU.Build.0 = Debug|Any CPU
		{AD4EA830-2FA1-4F51-BEEE-0D088AE29136}.Release|Any CPU.ActiveCfg = Release|Any CPU
		{AD4EA830-2FA1-4F51-BEEE-0D088AE29136}.Release|Any CPU.Build.0 = Release|Any CPU
	EndGlobalSection
	GlobalSection(SolutionProperties) = preSolution
		HideSolutionNode = FALSE
	EndGlobalSection
	GlobalSection(ExtensibilityGlobals) = postSolution
		SolutionGuid = {7707F23D-92B3-432B-B544-B397D4BA8766}
	EndGlobalSection
EndGlobal
