
Microsoft Visual Studio Solution File, Format Version 12.00
# Visual Studio 2012
Project("{FAE04EC0-301F-11D3-BF4B-00C04F79EFBC}") = "ServiceLocator", "ServiceLocator\ServiceLocator.csproj", "{9ECAC2B8-0DD5-43AF-9A12-62897C3438C7}"
EndProject
Global
	GlobalSection(SolutionConfigurationPlatforms) = preSolution
		Debug|Any CPU = Debug|Any CPU
		Release|Any CPU = Release|Any CPU
	EndGlobalSection
	GlobalSection(ProjectConfigurationPlatforms) = postSolution
		{9ECAC2B8-0DD5-43AF-9A12-62897C3438C7}.Debug|Any CPU.ActiveCfg = Debug|Any CPU
		{9ECAC2B8-0DD5-43AF-9A12-62897C3438C7}.Debug|Any CPU.Build.0 = Debug|Any CPU
		{9ECAC2B8-0DD5-43AF-9A12-62897C3438C7}.Release|Any CPU.ActiveCfg = Release|Any CPU
		{9ECAC2B8-0DD5-43AF-9A12-62897C3438C7}.Release|Any CPU.Build.0 = Release|Any CPU
	EndGlobalSection
EndGlobal
