
Microsoft Visual Studio Solution File, Format Version 12.00
# Visual Studio Version 17
VisualStudioVersion = 17.1.32421.90
MinimumVisualStudioVersion = 10.0.40219.1
Project("{FAE04EC0-301F-11D3-BF4B-00C04F79EFBC}") = "FileDownloadAPI", "FileDownloadAPI\FileDownloadAPI.csproj", "{852071F4-C575-4B12-A282-C41AD4F40FD3}"
EndProject
Global
	GlobalSection(SolutionConfigurationPlatforms) = preSolution
		Debug|Any CPU = Debug|Any CPU
		Release|Any CPU = Release|Any CPU
	EndGlobalSection
	GlobalSection(ProjectConfigurationPlatforms) = postSolution
		{852071F4-C575-4B12-A282-C41AD4F40FD3}.Debug|Any CPU.ActiveCfg = Debug|Any CPU
		{852071F4-C575-4B12-A282-C41AD4F40FD3}.Debug|Any CPU.Build.0 = Debug|Any CPU
		{852071F4-C575-4B12-A282-C41AD4F40FD3}.Release|Any CPU.ActiveCfg = Release|Any CPU
		{852071F4-C575-4B12-A282-C41AD4F40FD3}.Release|Any CPU.Build.0 = Release|Any CPU
	EndGlobalSection
	GlobalSection(SolutionProperties) = preSolution
		HideSolutionNode = FALSE
	EndGlobalSection
	GlobalSection(ExtensibilityGlobals) = postSolution
		SolutionGuid = {AA74A902-94F1-4A36-A9D0-24B487CD5749}
	EndGlobalSection
EndGlobal
