
Microsoft Visual Studio Solution File, Format Version 12.00
# Visual Studio Version 17
VisualStudioVersion = 17.1.32414.318
MinimumVisualStudioVersion = 10.0.40219.1
Project("{9A19103F-16F7-4668-BE54-9A1E7A4F7556}") = "interfaces", "interfaces.csproj", "{0533E844-B1D8-41AC-AAB5-ABF87F4FE8FE}"
EndProject
Global
	GlobalSection(SolutionConfigurationPlatforms) = preSolution
		Debug|Any CPU = Debug|Any CPU
		Release|Any CPU = Release|Any CPU
	EndGlobalSection
	GlobalSection(ProjectConfigurationPlatforms) = postSolution
		{0533E844-B1D8-41AC-AAB5-ABF87F4FE8FE}.Debug|Any CPU.ActiveCfg = Debug|Any CPU
		{0533E844-B1D8-41AC-AAB5-ABF87F4FE8FE}.Debug|Any CPU.Build.0 = Debug|Any CPU
		{0533E844-B1D8-41AC-AAB5-ABF87F4FE8FE}.Release|Any CPU.ActiveCfg = Release|Any CPU
		{0533E844-B1D8-41AC-AAB5-ABF87F4FE8FE}.Release|Any CPU.Build.0 = Release|Any CPU
	EndGlobalSection
	GlobalSection(SolutionProperties) = preSolution
		HideSolutionNode = FALSE
	EndGlobalSection
	GlobalSection(ExtensibilityGlobals) = postSolution
		SolutionGuid = {DB91011F-F3A3-4B1F-B075-5F8A474E0911}
	EndGlobalSection
EndGlobal
